
Microsoft Visual Studio Solution File, Format Version 12.00
# Visual Studio Version 16
VisualStudioVersion = 16.0.30709.64
MinimumVisualStudioVersion = 10.0.40219.1
Project("{9A19103F-16F7-4668-BE54-9A1E7A4F7556}") = "APIFinancas.Especificacoes", "APIFinancas.Especificacoes.csproj", "{2BE1D4F7-0472-4F50-BBF7-13C4F3D899F0}"
EndProject
Project("{9A19103F-16F7-4668-BE54-9A1E7A4F7556}") = "APIFinancas", "..\APIFinancas\APIFinancas.csproj", "{19E8DC22-87AB-4555-B444-D86E54DF0307}"
EndProject
Global
	GlobalSection(SolutionConfigurationPlatforms) = preSolution
		Debug|Any CPU = Debug|Any CPU
		Release|Any CPU = Release|Any CPU
	EndGlobalSection
	GlobalSection(ProjectConfigurationPlatforms) = postSolution
		{2BE1D4F7-0472-4F50-BBF7-13C4F3D899F0}.Debug|Any CPU.ActiveCfg = Debug|Any CPU
		{2BE1D4F7-0472-4F50-BBF7-13C4F3D899F0}.Debug|Any CPU.Build.0 = Debug|Any CPU
		{2BE1D4F7-0472-4F50-BBF7-13C4F3D899F0}.Release|Any CPU.ActiveCfg = Release|Any CPU
		{2BE1D4F7-0472-4F50-BBF7-13C4F3D899F0}.Release|Any CPU.Build.0 = Release|Any CPU
		{19E8DC22-87AB-4555-B444-D86E54DF0307}.Debug|Any CPU.ActiveCfg = Debug|Any CPU
		{19E8DC22-87AB-4555-B444-D86E54DF0307}.Debug|Any CPU.Build.0 = Debug|Any CPU
		{19E8DC22-87AB-4555-B444-D86E54DF0307}.Release|Any CPU.ActiveCfg = Release|Any CPU
		{19E8DC22-87AB-4555-B444-D86E54DF0307}.Release|Any CPU.Build.0 = Release|Any CPU
	EndGlobalSection
	GlobalSection(SolutionProperties) = preSolution
		HideSolutionNode = FALSE
	EndGlobalSection
	GlobalSection(ExtensibilityGlobals) = postSolution
		SolutionGuid = {786D59E8-479D-4B54-B596-3F21BF425CE5}
	EndGlobalSection
EndGlobal
